
Microsoft Visual Studio Solution File, Format Version 12.00
# Visual Studio 14
VisualStudioVersion = 14.0.25420.1
MinimumVisualStudioVersion = 10.0.40219.1
Project("{FAE04EC0-301F-11D3-BF4B-00C04F79EFBC}") = "CotizaYaDesktop", "CotizaYaDesktop\CotizaYaDesktop.csproj", "{EA127081-6E00-4B0E-8B34-666B481F71FC}"
EndProject
Project("{2150E333-8FDC-42A3-9474-1A3956D46DE8}") = "Solution Items", "Solution Items", "{C7706403-7AA8-426B-881F-0A160A875EEE}"
EndProject
Global
	GlobalSection(SolutionConfigurationPlatforms) = preSolution
		Debug|Any CPU = Debug|Any CPU
		Release|Any CPU = Release|Any CPU
	EndGlobalSection
	GlobalSection(ProjectConfigurationPlatforms) = postSolution
		{EA127081-6E00-4B0E-8B34-666B481F71FC}.Debug|Any CPU.ActiveCfg = Debug|Any CPU
		{EA127081-6E00-4B0E-8B34-666B481F71FC}.Debug|Any CPU.Build.0 = Debug|Any CPU
		{EA127081-6E00-4B0E-8B34-666B481F71FC}.Release|Any CPU.ActiveCfg = Release|Any CPU
		{EA127081-6E00-4B0E-8B34-666B481F71FC}.Release|Any CPU.Build.0 = Release|Any CPU
	EndGlobalSection
	GlobalSection(SolutionProperties) = preSolution
		HideSolutionNode = FALSE
	EndGlobalSection
EndGlobal
